codeberg.org/uhppoted/uhppoted-core v0.9.1-0.20260820171041-ca52d834887a h1:i1wC2cOwppbN3+DjCbHqrAjG+Kj22D6yYffbDE8FuHo=
codeberg.org/uhppoted/uhppoted-core v0.9.1-0.20260820171041-ca52d834887a/go.mod h1:MoeCM7GWMq72F2tUs6/lBt9tlnBoOsMFT6effpitLRs=
codeberg.org/uhppoted/uhppoted-lib v0.9.1-0.20260820171240-21ac1c6a3137 h1:gKirxDDubBWenp5rmo9SVltuQnHBMGC2xIK2dbEe7KI=
codeberg.org/uhppoted/uhppoted-lib v0.9.1-0.20260820171240-21ac1c6a3137/go.mod h1:r8KVWWXlqh+CT17OG+wTF4jOIC0NbCHGdN6WxsVSv1k=
