codeberg.org/uhppoted/uhppoted-core v0.0.0-20260720171551-807ffedb65bd h1:d89NEC0VZRMCeTnh88438Fkwg8cGwYp2Fjepck/au+k=
codeberg.org/uhppoted/uhppoted-core v0.0.0-20260720171551-807ffedb65bd/go.mod h1:MoeCM7GWMq72F2tUs6/lBt9tlnBoOsMFT6effpitLRs=
codeberg.org/uhppoted/uhppoted-lib v0.0.0-20260721134957-2397d188319f h1:zyV/AYsjzgH8qSrlPMERvITakLKdyiT8weJu1palL4g=
codeberg.org/uhppoted/uhppoted-lib v0.0.0-20260721134957-2397d188319f/go.mod h1:lhLdbZQulgZ+opmKr0yaR1J+7LEY4pL2OyY+X9v+zXo=
