codeberg.org/uhppoted/uhppoted-core v0.9.1-0.20260813185934-c004d9c86466 h1:i778JsUnaOMBOQ3SBS0HIt2YHt/BL/smFLj688Z5NBY=
codeberg.org/uhppoted/uhppoted-core v0.9.1-0.20260813185934-c004d9c86466/go.mod h1:MoeCM7GWMq72F2tUs6/lBt9tlnBoOsMFT6effpitLRs=
codeberg.org/uhppoted/uhppoted-lib v0.9.1-0.20260811151401-370952f4629a h1:yFosg4nCarDYN3l+sY3eOfqWgu0PQruf8weJGAA13ko=
codeberg.org/uhppoted/uhppoted-lib v0.9.1-0.20260811151401-370952f4629a/go.mod h1:0GAYfXxnmDI4j5wxGx4+me4Xp+RHASifTfHRVvk3BIk=
